
Microsoft Visual Studio Solution File, Format Version 12.00
# Visual Studio Version 17
VisualStudioVersion = 17.0.31903.59
MinimumVisualStudioVersion = 10.0.40219.1
Project("{FAE04EC0-301F-11D3-BF4B-00C04F79EFBC}") = "CBT Application", "CBT Application\CBT Application.csproj", "{3F043B95-AAFD-452F-86DC-5BD738BBE5C1}"
EndProject
Global
	GlobalSection(SolutionConfigurationPlatforms) = preSolution
		Debug|Any CPU = Debug|Any CPU
		Release|Any CPU = Release|Any CPU
	EndGlobalSection
	GlobalSection(ProjectConfigurationPlatforms) = postSolution
		{3F043B95-AAFD-452F-86DC-5BD738BBE5C1}.Debug|Any CPU.ActiveCfg = Debug|Any CPU
		{3F043B95-AAFD-452F-86DC-5BD738BBE5C1}.Debug|Any CPU.Build.0 = Debug|Any CPU
		{3F043B95-AAFD-452F-86DC-5BD738BBE5C1}.Release|Any CPU.ActiveCfg = Release|Any CPU
		{3F043B95-AAFD-452F-86DC-5BD738BBE5C1}.Release|Any CPU.Build.0 = Release|Any CPU
	EndGlobalSection
	GlobalSection(SolutionProperties) = preSolution
		HideSolutionNode = FALSE
	EndGlobalSection
	GlobalSection(ExtensibilityGlobals) = postSolution
		SolutionGuid = {703F0AC6-504A-4108-9F37-1EB57CFD3245}
	EndGlobalSection
EndGlobal
